<?xml version="1.0" encoding="utf-8"?>
<Project ToolsVersion="17.0" xmlns="http://schemas.microsoft.com/developer/msbuild/2003">
  <ItemGroup>
    <ClCompile Include="C:\Tom Klootwijk super secret substrate club hush hush\UGTS_KC_K_Kij_T_Grove_3_9_2_COMPLETE_ALL_FILES\native\host_tests\trigger_area_tests.cpp">
      <Filter>Source Files</Filter>
    </ClCompile>
    <ClCompile Include="C:\Tom Klootwijk super secret substrate club hush hush\UGTS_KC_K_Kij_T_Grove_3_9_2_COMPLETE_ALL_FILES\src\ugts_kc3\android_template\project\app\src\main\cpp\trigger_area.cpp">
      <Filter>Source Files</Filter>
    </ClCompile>
  </ItemGroup>
  <ItemGroup>
    <CustomBuild Include="C:\Tom Klootwijk super secret substrate club hush hush\UGTS_KC_K_Kij_T_Grove_3_9_2_COMPLETE_ALL_FILES\native\host_tests\CMakeLists.txt" />
  </ItemGroup>
  <ItemGroup>
    <Filter Include="Source Files">
      <UniqueIdentifier>{B0754AAC-255D-3A19-A00A-C06EAF54BAEB}</UniqueIdentifier>
    </Filter>
  </ItemGroup>
</Project>
