<?xml version="1.0" encoding="utf-8"?>
<Project ToolsVersion="17.0" xmlns="http://schemas.microsoft.com/developer/msbuild/2003">
  <ItemGroup>
    <CustomBuild Include="C:\Tom Klootwijk super secret substrate club hush hush\UGTS_KC_K_Kij_T_Grove_3_9_2_COMPLETE_ALL_FILES\tmp\native_host_gsp4_audit\CMakeFiles\329a5f8fd60a595c1fb85637d9779c67\generate.stamp.rule">
      <Filter>CMake Rules</Filter>
    </CustomBuild>
  </ItemGroup>
  <ItemGroup>
    <Filter Include="CMake Rules">
      <UniqueIdentifier>{D64AECD0-8AE0-326E-A004-CD96EC5066BA}</UniqueIdentifier>
    </Filter>
  </ItemGroup>
</Project>
